
Microsoft Visual Studio Solution File, Format Version 12.00
# Visual Studio Version 17
VisualStudioVersion = 17.7.34202.233
MinimumVisualStudioVersion = 10.0.40219.1
Project("{FAE04EC0-301F-11D3-BF4B-00C04F79EFBC}") = "async-process", "async-process.csproj", "{ED3B048E-754A-4544-81C2-45367619F4EB}"
EndProject
Global
	GlobalSection(SolutionConfigurationPlatforms) = preSolution
		Debug|Any CPU = Debug|Any CPU
		Release|Any CPU = Release|Any CPU
	EndGlobalSection
	GlobalSection(ProjectConfigurationPlatforms) = postSolution
		{ED3B048E-754A-4544-81C2-45367619F4EB}.Debug|Any CPU.ActiveCfg = Debug|Any CPU
		{ED3B048E-754A-4544-81C2-45367619F4EB}.Debug|Any CPU.Build.0 = Debug|Any CPU
		{ED3B048E-754A-4544-81C2-45367619F4EB}.Release|Any CPU.ActiveCfg = Release|Any CPU
		{ED3B048E-754A-4544-81C2-45367619F4EB}.Release|Any CPU.Build.0 = Release|Any CPU
	EndGlobalSection
	GlobalSection(SolutionProperties) = preSolution
		HideSolutionNode = FALSE
	EndGlobalSection
	GlobalSection(ExtensibilityGlobals) = postSolution
		SolutionGuid = {87F015C4-3D66-4434-81C1-F920932AB76B}
	EndGlobalSection
EndGlobal
